// !$*UTF8*$!
{
	archiveVersion = 1;
	classes = {
	};
	objectVersion = 46;
	objects = {

/* Begin PBXBuildFile section */
		83E7895618A2A72700C46D62 /* Foundation.framework in Frameworks */ = {isa = PBXBuildFile; fileRef = 83E7895518A2A72700C46D62 /* Foundation.framework */; };
		83E7895818A2A72700C46D62 /* CoreGraphics.framework in Frameworks */ = {isa = PBXBuildFile; fileRef = 83E7895718A2A72700C46D62 /* CoreGraphics.framework */; };
		83E7895A18A2A72700C46D62 /* UIKit.framework in Frameworks */ = {isa = PBXBuildFile; fileRef = 83E7895918A2A72700C46D62 /* UIKit.framework */; };
		83E7896018A2A72700C46D62 /* InfoPlist.strings in Resources */ = {isa = PBXBuildFile; fileRef = 83E7895E18A2A72700C46D62 /* InfoPlist.strings */; };
		83E7896218A2A72700C46D62 /* main.m in Sources */ = {isa = PBXBuildFile; fileRef = 83E7896118A2A72700C46D62 /* main.m */; };
		83E7896618A2A72700C46D62 /* BroAppDelegate.m in Sources */ = {isa = PBXBuildFile; fileRef = 83E7896518A2A72700C46D62 /* BroAppDelegate.m */; };
		83E7896918A2A72700C46D62 /* BroRootViewController.m in Sources */ = {isa = PBXBuildFile; fileRef = 83E7896818A2A72700C46D62 /* BroRootViewController.m */; };
		83E7896C18A2A72700C46D62 /* BroDataViewController.m in Sources */ = {isa = PBXBuildFile; fileRef = 83E7896B18A2A72700C46D62 /* BroDataViewController.m */; };
		83E7896F18A2A72700C46D62 /* BroModelController.m in Sources */ = {isa = PBXBuildFile; fileRef = 83E7896E18A2A72700C46D62 /* BroModelController.m */; };
		83E7897218A2A72700C46D62 /* Main_iPhone.storyboard in Resources */ = {isa = PBXBuildFile; fileRef = 83E7897018A2A72700C46D62 /* Main_iPhone.storyboard */; };
		83E7897518A2A72700C46D62 /* Main_iPad.storyboard in Resources */ = {isa = PBXBuildFile; fileRef = 83E7897318A2A72700C46D62 /* Main_iPad.storyboard */; };
		83E7897718A2A72700C46D62 /* Images.xcassets in Resources */ = {isa = PBXBuildFile; fileRef = 83E7897618A2A72700C46D62 /* Images.xcassets */; };
		83E7897E18A2A72700C46D62 /* XCTest.framework in Frameworks */ = {isa = PBXBuildFile; fileRef = 83E7897D18A2A72700C46D62 /* XCTest.framework */; };
		83E7897F18A2A72700C46D62 /* Foundation.framework in Frameworks */ = {isa = PBXBuildFile; fileRef = 83E7895518A2A72700C46D62 /* Foundation.framework */; };
		83E7898018A2A72700C46D62 /* UIKit.framework in Frameworks */ = {isa = PBXBuildFile; fileRef = 83E7895918A2A72700C46D62 /* UIKit.framework */; };
		83E7898818A2A72700C46D62 /* InfoPlist.strings in Resources */ = {isa = PBXBuildFile; fileRef = 83E7898618A2A72700C46D62 /* InfoPlist.strings */; };
		83E7898A18A2A72700C46D62 /* broTests.m in Sources */ = {isa = PBXBuildFile; fileRef = 83E7898918A2A72700C46D62 /* broTests.m */; };
/* End PBXBuildFile section */

/* Begin PBXContainerItemProxy section */
		83E7898118A2A72700C46D62 /* PBXContainerItemProxy */ = {
			isa = PBXContainerItemProxy;
			containerPortal = 83E7894A18A2A72700C46D62 /* Project object */;
			proxyType = 1;
			remoteGlobalIDString = 83E7895118A2A72700C46D62;
			remoteInfo = bro;
		};
/* End PBXContainerItemProxy section */

/* Begin PBXFileReference section */
		83E7895218A2A72700C46D62 /* bro.app */ = {isa = PBXFileReference; explicitFileType = wrapper.application; includeInIndex = 0; path = bro.app; sourceTree = BUILT_PRODUCTS_DIR; };
		83E7895518A2A72700C46D62 /* Foundation.framework */ = {isa = PBXFileReference; lastKnownFileType = wrapper.framework; name = Foundation.framework; path = System/Library/Frameworks/Foundation.framework; sourceTree = SDKROOT; };
		83E7895718A2A72700C46D62 /* CoreGraphics.framework */ = {isa = PBXFileReference; lastKnownFileType = wrapper.framework; name = CoreGraphics.framework; path = System/Library/Frameworks/CoreGraphics.framework; sourceTree = SDKROOT; };
		83E7895918A2A72700C46D62 /* UIKit.framework */ = {isa = PBXFileReference; lastKnownFileType = wrapper.framework; name = UIKit.framework; path = System/Library/Frameworks/UIKit.framework; sourceTree = SDKROOT; };
		83E7895D18A2A72700C46D62 /* bro-Info.plist */ = {isa = PBXFileReference; lastKnownFileType = text.plist.xml; path = "bro-Info.plist"; sourceTree = "<group>"; };
		83E7895F18A2A72700C46D62 /* en */ = {isa = PBXFileReference; lastKnownFileType = text.plist.strings; name = en; path = en.lproj/InfoPlist.strings; sourceTree = "<group>"; };
		83E7896118A2A72700C46D62 /* main.m */ = {isa = PBXFileReference; lastKnownFileType = sourcecode.c.objc; path = main.m; sourceTree = "<group>"; };
		83E7896318A2A72700C46D62 /* bro-Prefix.pch */ = {isa = PBXFileReference; lastKnownFileType = sourcecode.c.h; path = "bro-Prefix.pch"; sourceTree = "<group>"; };
		83E7896418A2A72700C46D62 /* BroAppDelegate.h */ = {isa = PBXFileReference; lastKnownFileType = sourcecode.c.h; path = BroAppDelegate.h; sourceTree = "<group>"; };
		83E7896518A2A72700C46D62 /* BroAppDelegate.m */ = {isa = PBXFileReference; lastKnownFileType = sourcecode.c.objc; path = BroAppDelegate.m; sourceTree = "<group>"; };
		83E7896718A2A72700C46D62 /* BroRootViewController.h */ = {isa = PBXFileReference; lastKnownFileType = sourcecode.c.h; path = BroRootViewController.h; sourceTree = "<group>"; };
		83E7896818A2A72700C46D62 /* BroRootViewController.m */ = {isa = PBXFileReference; lastKnownFileType = sourcecode.c.objc; path = BroRootViewController.m; sourceTree = "<group>"; };
		83E7896A18A2A72700C46D62 /* BroDataViewController.h */ = {isa = PBXFileReference; lastKnownFileType = sourcecode.c.h; path = BroDataViewController.h; sourceTree = "<group>"; };
		83E7896B18A2A72700C46D62 /* BroDataViewController.m */ = {isa = PBXFileReference; lastKnownFileType = sourcecode.c.objc; path = BroDataViewController.m; sourceTree = "<group>"; };
		83E7896D18A2A72700C46D62 /* BroModelController.h */ = {isa = PBXFileReference; lastKnownFileType = sourcecode.c.h; path = BroModelController.h; sourceTree = "<group>"; };
		83E7896E18A2A72700C46D62 /* BroModelController.m */ = {isa = PBXFileReference; lastKnownFileType = sourcecode.c.objc; path = BroModelController.m; sourceTree = "<group>"; };
		83E7897118A2A72700C46D62 /* Base */ = {isa = PBXFileReference; lastKnownFileType = file.storyboard; name = Base; path = Base.lproj/Main_iPhone.storyboard; sourceTree = "<group>"; };
		83E7897418A2A72700C46D62 /* Base */ = {isa = PBXFileReference; lastKnownFileType = file.storyboard; name = Base; path = Base.lproj/Main_iPad.storyboard; sourceTree = "<group>"; };
		83E7897618A2A72700C46D62 /* Images.xcassets */ = {isa = PBXFileReference; lastKnownFileType = folder.assetcatalog; path = Images.xcassets; sourceTree = "<group>"; };
		83E7897C18A2A72700C46D62 /* broTests.xctest */ = {isa = PBXFileReference; explicitFileType = wrapper.cfbundle; includeInIndex = 0; path = broTests.xctest; sourceTree = BUILT_PRODUCTS_DIR; };
		83E7897D18A2A72700C46D62 /* XCTest.framework */ = {isa = PBXFileReference; lastKnownFileType = wrapper.framework; name = XCTest.framework; path = Library/Frameworks/XCTest.framework; sourceTree = DEVELOPER_DIR; };
		83E7898518A2A72700C46D62 /* broTests-Info.plist */ = {isa = PBXFileReference; lastKnownFileType = text.plist.xml; path = "broTests-Info.plist"; sourceTree = "<group>"; };
		83E7898718A2A72700C46D62 /* en */ = {isa = PBXFileReference; lastKnownFileType = text.plist.strings; name = en; path = en.lproj/InfoPlist.strings; sourceTree = "<group>"; };
		83E7898918A2A72700C46D62 /* broTests.m */ = {isa = PBXFileReference; lastKnownFileType = sourcecode.c.objc; path = broTests.m; sourceTree = "<group>"; };
/* End PBXFileReference section */

/* Begin PBXFrameworksBuildPhase section */
		83E7894F18A2A72700C46D62 /* Frameworks */ = {
			isa = PBXFrameworksBuildPhase;
			buildActionMask = 2147483647;
			files = (
				83E7895818A2A72700C46D62 /* CoreGraphics.framework in Frameworks */,
				83E7895A18A2A72700C46D62 /* UIKit.framework in Frameworks */,
				83E7895618A2A72700C46D62 /* Foundation.framework in Frameworks */,
			);
			runOnlyForDeploymentPostprocessing = 0;
		};
		83E7897918A2A72700C46D62 /* Frameworks */ = {
			isa = PBXFrameworksBuildPhase;
			buildActionMask = 2147483647;
			files = (
				83E7897E18A2A72700C46D62 /* XCTest.framework in Frameworks */,
				83E7898018A2A72700C46D62 /* UIKit.framework in Frameworks */,
				83E7897F18A2A72700C46D62 /* Foundation.framework in Frameworks */,
			);
			runOnlyForDeploymentPostprocessing = 0;
		};
/* End PBXFrameworksBuildPhase section */

/* Begin PBXGroup section */
		83E7894918A2A72700C46D62 = {
			isa = PBXGroup;
			children = (
				83E7895B18A2A72700C46D62 /* bro */,
				83E7898318A2A72700C46D62 /* broTests */,
				83E7895418A2A72700C46D62 /* Frameworks */,
				83E7895318A2A72700C46D62 /* Products */,
			);
			sourceTree = "<group>";
		};
		83E7895318A2A72700C46D62 /* Products */ = {
			isa = PBXGroup;
			children = (
				83E7895218A2A72700C46D62 /* bro.app */,
				83E7897C18A2A72700C46D62 /* broTests.xctest */,
			);
			name = Products;
			sourceTree = "<group>";
		};
		83E7895418A2A72700C46D62 /* Frameworks */ = {
			isa = PBXGroup;
			children = (
				83E7895518A2A72700C46D62 /* Foundation.framework */,
				83E7895718A2A72700C46D62 /* CoreGraphics.framework */,
				83E7895918A2A72700C46D62 /* UIKit.framework */,
				83E7897D18A2A72700C46D62 /* XCTest.framework */,
			);
			name = Frameworks;
			sourceTree = "<group>";
		};
		83E7895B18A2A72700C46D62 /* bro */ = {
			isa = PBXGroup;
			children = (
				83E7896418A2A72700C46D62 /* BroAppDelegate.h */,
				83E7896518A2A72700C46D62 /* BroAppDelegate.m */,
				83E7896718A2A72700C46D62 /* BroRootViewController.h */,
				83E7896818A2A72700C46D62 /* BroRootViewController.m */,
				83E7896A18A2A72700C46D62 /* BroDataViewController.h */,
				83E7896B18A2A72700C46D62 /* BroDataViewController.m */,
				83E7896D18A2A72700C46D62 /* BroModelController.h */,
				83E7896E18A2A72700C46D62 /* BroModelController.m */,
				83E7897018A2A72700C46D62 /* Main_iPhone.storyboard */,
				83E7897318A2A72700C46D62 /* Main_iPad.storyboard */,
				83E7897618A2A72700C46D62 /* Images.xcassets */,
				83E7895C18A2A72700C46D62 /* Supporting Files */,
			);
			path = bro;
			sourceTree = "<group>";
		};
		83E7895C18A2A72700C46D62 /* Supporting Files */ = {
			isa = PBXGroup;
			children = (
				83E7895D18A2A72700C46D62 /* bro-Info.plist */,
				83E7895E18A2A72700C46D62 /* InfoPlist.strings */,
				83E7896118A2A72700C46D62 /* main.m */,
				83E7896318A2A72700C46D62 /* bro-Prefix.pch */,
			);
			name = "Supporting Files";
			sourceTree = "<group>";
		};
		83E7898318A2A72700C46D62 /* broTests */ = {
			isa = PBXGroup;
			children = (
				83E7898918A2A72700C46D62 /* broTests.m */,
				83E7898418A2A72700C46D62 /* Supporting Files */,
			);
			path = broTests;
			sourceTree = "<group>";
		};
		83E7898418A2A72700C46D62 /* Supporting Files */ = {
			isa = PBXGroup;
			children = (
				83E7898518A2A72700C46D62 /* broTests-Info.plist */,
				83E7898618A2A72700C46D62 /* InfoPlist.strings */,
			);
			name = "Supporting Files";
			sourceTree = "<group>";
		};
/* End PBXGroup section */

/* Begin PBXNativeTarget section */
		83E7895118A2A72700C46D62 /* bro */ = {
			isa = PBXNativeTarget;
			buildConfigurationList = 83E7898D18A2A72700C46D62 /* Build configuration list for PBXNativeTarget "bro" */;
			buildPhases = (
				83E7894E18A2A72700C46D62 /* Sources */,
				83E7894F18A2A72700C46D62 /* Frameworks */,
				83E7895018A2A72700C46D62 /* Resources */,
			);
			buildRules = (
			);
			dependencies = (
			);
			name = bro;
			productName = bro;
			productReference = 83E7895218A2A72700C46D62 /* bro.app */;
			productType = "com.apple.product-type.application";
		};
		83E7897B18A2A72700C46D62 /* broTests */ = {
			isa = PBXNativeTarget;
			buildConfigurationList = 83E7899018A2A72700C46D62 /* Build configuration list for PBXNativeTarget "broTests" */;
			buildPhases = (
				83E7897818A2A72700C46D62 /* Sources */,
				83E7897918A2A72700C46D62 /* Frameworks */,
				83E7897A18A2A72700C46D62 /* Resources */,
			);
			buildRules = (
			);
			dependencies = (
				83E7898218A2A72700C46D62 /* PBXTargetDependency */,
			);
			name = broTests;
			productName = broTests;
			productReference = 83E7897C18A2A72700C46D62 /* broTests.xctest */;
			productType = "com.apple.product-type.bundle.unit-test";
		};
/* End PBXNativeTarget section */

/* Begin PBXProject section */
		83E7894A18A2A72700C46D62 /* Project object */ = {
			isa = PBXProject;
			attributes = {
				CLASSPREFIX = Bro;
				LastUpgradeCheck = 0500;
				ORGANIZATIONNAME = "Christians Hotz-Behofsits";
				TargetAttributes = {
					83E7897B18A2A72700C46D62 = {
						TestTargetID = 83E7895118A2A72700C46D62;
					};
				};
			};
			buildConfigurationList = 83E7894D18A2A72700C46D62 /* Build configuration list for PBXProject "bro" */;
			compatibilityVersion = "Xcode 3.2";
			developmentRegion = English;
			hasScannedForEncodings = 0;
			knownRegions = (
				en,
				Base,
			);
			mainGroup = 83E7894918A2A72700C46D62;
			productRefGroup = 83E7895318A2A72700C46D62 /* Products */;
			projectDirPath = "";
			projectRoot = "";
			targets = (
				83E7895118A2A72700C46D62 /* bro */,
				83E7897B18A2A72700C46D62 /* broTests */,
			);
		};
/* End PBXProject section */

/* Begin PBXResourcesBuildPhase section */
		83E7895018A2A72700C46D62 /* Resources */ = {
			isa = PBXResourcesBuildPhase;
			buildActionMask = 2147483647;
			files = (
				83E7897518A2A72700C46D62 /* Main_iPad.storyboard in Resources */,
				83E7897718A2A72700C46D62 /* Images.xcassets in Resources */,
				83E7897218A2A72700C46D62 /* Main_iPhone.storyboard in Resources */,
				83E7896018A2A72700C46D62 /* InfoPlist.strings in Resources */,
			);
			runOnlyForDeploymentPostprocessing = 0;
		};
		83E7897A18A2A72700C46D62 /* Resources */ = {
			isa = PBXResourcesBuildPhase;
			buildActionMask = 2147483647;
			files = (
				83E7898818A2A72700C46D62 /* InfoPlist.strings in Resources */,
			);
			runOnlyForDeploymentPostprocessing = 0;
		};
/* End PBXResourcesBuildPhase section */

/* Begin PBXSourcesBuildPhase section */
		83E7894E18A2A72700C46D62 /* Sources */ = {
			isa = PBXSourcesBuildPhase;
			buildActionMask = 2147483647;
			files = (
				83E7896618A2A72700C46D62 /* BroAppDelegate.m in Sources */,
				83E7896F18A2A72700C46D62 /* BroModelController.m in Sources */,
				83E7896918A2A72700C46D62 /* BroRootViewController.m in Sources */,
				83E7896C18A2A72700C46D62 /* BroDataViewController.m in Sources */,
				83E7896218A2A72700C46D62 /* main.m in Sources */,
			);
			runOnlyForDeploymentPostprocessing = 0;
		};
		83E7897818A2A72700C46D62 /* Sources */ = {
			isa = PBXSourcesBuildPhase;
			buildActionMask = 2147483647;
			files = (
				83E7898A18A2A72700C46D62 /* broTests.m in Sources */,
			);
			runOnlyForDeploymentPostprocessing = 0;
		};
/* End PBXSourcesBuildPhase section */

/* Begin PBXTargetDependency section */
		83E7898218A2A72700C46D62 /* PBXTargetDependency */ = {
			isa = PBXTargetDependency;
			target = 83E7895118A2A72700C46D62 /* bro */;
			targetProxy = 83E7898118A2A72700C46D62 /* PBXContainerItemProxy */;
		};
/* End PBXTargetDependency section */

/* Begin PBXVariantGroup section */
		83E7895E18A2A72700C46D62 /* InfoPlist.strings */ = {
			isa = PBXVariantGroup;
			children = (
				83E7895F18A2A72700C46D62 /* en */,
			);
			name = InfoPlist.strings;
			sourceTree = "<group>";
		};
		83E7897018A2A72700C46D62 /* Main_iPhone.storyboard */ = {
			isa = PBXVariantGroup;
			children = (
				83E7897118A2A72700C46D62 /* Base */,
			);
			name = Main_iPhone.storyboard;
			sourceTree = "<group>";
		};
		83E7897318A2A72700C46D62 /* Main_iPad.storyboard */ = {
			isa = PBXVariantGroup;
			children = (
				83E7897418A2A72700C46D62 /* Base */,
			);
			name = Main_iPad.storyboard;
			sourceTree = "<group>";
		};
		83E7898618A2A72700C46D62 /* InfoPlist.strings */ = {
			isa = PBXVariantGroup;
			children = (
				83E7898718A2A72700C46D62 /* en */,
			);
			name = InfoPlist.strings;
			sourceTree = "<group>";
		};
/* End PBXVariantGroup section */

/* Begin XCBuildConfiguration section */
		83E7898B18A2A72700C46D62 /* Debug */ = {
			isa = XCBuildConfiguration;
			buildSettings = {
				ALWAYS_SEARCH_USER_PATHS = NO;
				ARCHS = "$(ARCHS_STANDARD_INCLUDING_64_BIT)";
				CLANG_CXX_LANGUAGE_STANDARD = "gnu++0x";
				CLANG_CXX_LIBRARY = "libc++";
				CLANG_ENABLE_MODULES = YES;
				CLANG_ENABLE_OBJC_ARC = YES;
				CLANG_WARN_BOOL_CONVERSION = YES;
				CLANG_WARN_CONSTANT_CONVERSION = YES;
				CLANG_WARN_DIRECT_OBJC_ISA_USAGE = YES_ERROR;
				CLANG_WARN_EMPTY_BODY = YES;
				CLANG_WARN_ENUM_CONVERSION = YES;
				CLANG_WARN_INT_CONVERSION = YES;
				CLANG_WARN_OBJC_ROOT_CLASS = YES_ERROR;
				CLANG_WARN__DUPLICATE_METHOD_MATCH = YES;
				"CODE_SIGN_IDENTITY[sdk=iphoneos*]" = "iPhone Developer";
				COPY_PHASE_STRIP = NO;
				GCC_C_LANGUAGE_STANDARD = gnu99;
				GCC_DYNAMIC_NO_PIC = NO;
				GCC_OPTIMIZATION_LEVEL = 0;
				GCC_PREPROCESSOR_DEFINITIONS = (
					"DEBUG=1",
					"$(inherited)",
				);
				GCC_SYMBOLS_PRIVATE_EXTERN = NO;
				GCC_WARN_64_TO_32_BIT_CONVERSION = YES;
				GCC_WARN_ABOUT_RETURN_TYPE = YES_ERROR;
				GCC_WARN_UNDECLARED_SELECTOR = YES;
				GCC_WARN_UNINITIALIZED_AUTOS = YES;
				GCC_WARN_UNUSED_FUNCTION = YES;
				GCC_WARN_UNUSED_VARIABLE = YES;
				IPHONEOS_DEPLOYMENT_TARGET = 7.0;
				ONLY_ACTIVE_ARCH = YES;
				SDKROOT = iphoneos;
				TARGETED_DEVICE_FAMILY = "1,2";
			};
			name = Debug;
		};
		83E7898C18A2A72700C46D62 /* Release */ = {
			isa = XCBuildConfiguration;
			buildSettings = {
				ALWAYS_SEARCH_USER_PATHS = NO;
				ARCHS = "$(ARCHS_STANDARD_INCLUDING_64_BIT)";
				CLANG_CXX_LANGUAGE_STANDARD = "gnu++0x";
				CLANG_CXX_LIBRARY = "libc++";
				CLANG_ENABLE_MODULES = YES;
				CLANG_ENABLE_OBJC_ARC = YES;
				CLANG_WARN_BOOL_CONVERSION = YES;
				CLANG_WARN_CONSTANT_CONVERSION = YES;
				CLANG_WARN_DIRECT_OBJC_ISA_USAGE = YES_ERROR;
				CLANG_WARN_EMPTY_BODY = YES;
				CLANG_WARN_ENUM_CONVERSION = YES;
				CLANG_WARN_INT_CONVERSION = YES;
				CLANG_WARN_OBJC_ROOT_CLASS = YES_ERROR;
				CLANG_WARN__DUPLICATE_METHOD_MATCH = YES;
				"CODE_SIGN_IDENTITY[sdk=iphoneos*]" = "iPhone Developer";
				COPY_PHASE_STRIP = YES;
				ENABLE_NS_ASSERTIONS = NO;
				GCC_C_LANGUAGE_STANDARD = gnu99;
				GCC_WARN_64_TO_32_BIT_CONVERSION = YES;
				GCC_WARN_ABOUT_RETURN_TYPE = YES_ERROR;
				GCC_WARN_UNDECLARED_SELECTOR = YES;
				GCC_WARN_UNINITIALIZED_AUTOS = YES;
				GCC_WARN_UNUSED_FUNCTION = YES;
				GCC_WARN_UNUSED_VARIABLE = YES;
				IPHONEOS_DEPLOYMENT_TARGET = 7.0;
				SDKROOT = iphoneos;
				TARGETED_DEVICE_FAMILY = "1,2";
				VALIDATE_PRODUCT = YES;
			};
			name = Release;
		};
		83E7898E18A2A72700C46D62 /* Debug */ = {
			isa = XCBuildConfiguration;
			buildSettings = {
				ASSETCATALOG_COMPILER_APPICON_NAME = AppIcon;
				ASSETCATALOG_COMPILER_LAUNCHIMAGE_NAME = LaunchImage;
				GCC_PRECOMPILE_PREFIX_HEADER = YES;
				GCC_PREFIX_HEADER = "bro/bro-Prefix.pch";
				INFOPLIST_FILE = "bro/bro-Info.plist";
				PRODUCT_NAME = "$(TARGET_NAME)";
				WRAPPER_EXTENSION = app;
			};
			name = Debug;
		};
		83E7898F18A2A72700C46D62 /* Release */ = {
			isa = XCBuildConfiguration;
			buildSettings = {
				ASSETCATALOG_COMPILER_APPICON_NAME = AppIcon;
				ASSETCATALOG_COMPILER_LAUNCHIMAGE_NAME = LaunchImage;
				GCC_PRECOMPILE_PREFIX_HEADER = YES;
				GCC_PREFIX_HEADER = "bro/bro-Prefix.pch";
				INFOPLIST_FILE = "bro/bro-Info.plist";
				PRODUCT_NAME = "$(TARGET_NAME)";
				WRAPPER_EXTENSION = app;
			};
			name = Release;
		};
		83E7899118A2A72700C46D62 /* Debug */ = {
			isa = XCBuildConfiguration;
			buildSettings = {
				ARCHS = "$(ARCHS_STANDARD_INCLUDING_64_BIT)";
				BUNDLE_LOADER = "$(BUILT_PRODUCTS_DIR)/bro.app/bro";
				FRAMEWORK_SEARCH_PATHS = (
					"$(SDKROOT)/Developer/Library/Frameworks",
					"$(inherited)",
					"$(DEVELOPER_FRAMEWORKS_DIR)",
				);
				GCC_PRECOMPILE_PREFIX_HEADER = YES;
				GCC_PREFIX_HEADER = "bro/bro-Prefix.pch";
				GCC_PREPROCESSOR_DEFINITIONS = (
					"DEBUG=1",
					"$(inherited)",
				);
				INFOPLIST_FILE = "broTests/broTests-Info.plist";
				PRODUCT_NAME = "$(TARGET_NAME)";
				TEST_HOST = "$(BUNDLE_LOADER)";
				WRAPPER_EXTENSION = xctest;
			};
			name = Debug;
		};
		83E7899218A2A72700C46D62 /* Release */ = {
			isa = XCBuildConfiguration;
			buildSettings = {
				ARCHS = "$(ARCHS_STANDARD_INCLUDING_64_BIT)";
				BUNDLE_LOADER = "$(BUILT_PRODUCTS_DIR)/bro.app/bro";
				FRAMEWORK_SEARCH_PATHS = (
					"$(SDKROOT)/Developer/Library/Frameworks",
					"$(inherited)",
					"$(DEVELOPER_FRAMEWORKS_DIR)",
				);
				GCC_PRECOMPILE_PREFIX_HEADER = YES;
				GCC_PREFIX_HEADER = "bro/bro-Prefix.pch";
				INFOPLIST_FILE = "broTests/broTests-Info.plist";
				PRODUCT_NAME = "$(TARGET_NAME)";
				TEST_HOST = "$(BUNDLE_LOADER)";
				WRAPPER_EXTENSION = xctest;
			};
			name = Release;
		};
/* End XCBuildConfiguration section */

/* Begin XCConfigurationList section */
		83E7894D18A2A72700C46D62 /* Build configuration list for PBXProject "bro" */ = {
			isa = XCConfigurationList;
			buildConfigurations = (
				83E7898B18A2A72700C46D62 /* Debug */,
				83E7898C18A2A72700C46D62 /* Release */,
			);
			defaultConfigurationIsVisible = 0;
			defaultConfigurationName = Release;
		};
		83E7898D18A2A72700C46D62 /* Build configuration list for PBXNativeTarget "bro" */ = {
			isa = XCConfigurationList;
			buildConfigurations = (
				83E7898E18A2A72700C46D62 /* Debug */,
				83E7898F18A2A72700C46D62 /* Release */,
			);
			defaultConfigurationIsVisible = 0;
		};
		83E7899018A2A72700C46D62 /* Build configuration list for PBXNativeTarget "broTests" */ = {
			isa = XCConfigurationList;
			buildConfigurations = (
				83E7899118A2A72700C46D62 /* Debug */,
				83E7899218A2A72700C46D62 /* Release */,
			);
			defaultConfigurationIsVisible = 0;
		};
/* End XCConfigurationList section */
	};
	rootObject = 83E7894A18A2A72700C46D62 /* Project object */;
}
